
Microsoft Visual Studio Solution File, Format Version 12.00
# Visual Studio Version 17
VisualStudioVersion = 17.11.35327.3
MinimumVisualStudioVersion = 10.0.40219.1
Project("{8BC9CEB8-8B4A-11D0-8D11-00A0C91BC942}") = "SpartaCodingC++", "SpartaCodingC++.vcxproj", "{F52B540D-3BBC-4761-B65B-472AC73CB534}"
EndProject
Global
	GlobalSection(SolutionConfigurationPlatforms) = preSolution
		Debug|x64 = Debug|x64
		Debug|x86 = Debug|x86
		Release|x64 = Release|x64
		Release|x86 = Release|x86
	EndGlobalSection
	GlobalSection(ProjectConfigurationPlatforms) = postSolution
		{F52B540D-3BBC-4761-B65B-472AC73CB534}.Debug|x64.ActiveCfg = Debug|x64
		{F52B540D-3BBC-4761-B65B-472AC73CB534}.Debug|x64.Build.0 = Debug|x64
		{F52B540D-3BBC-4761-B65B-472AC73CB534}.Debug|x86.ActiveCfg = Debug|Win32
		{F52B540D-3BBC-4761-B65B-472AC73CB534}.Debug|x86.Build.0 = Debug|Win32
		{F52B540D-3BBC-4761-B65B-472AC73CB534}.Release|x64.ActiveCfg = Release|x64
		{F52B540D-3BBC-4761-B65B-472AC73CB534}.Release|x64.Build.0 = Release|x64
		{F52B540D-3BBC-4761-B65B-472AC73CB534}.Release|x86.ActiveCfg = Release|Win32
		{F52B540D-3BBC-4761-B65B-472AC73CB534}.Release|x86.Build.0 = Release|Win32
	EndGlobalSection
	GlobalSection(SolutionProperties) = preSolution
		HideSolutionNode = FALSE
	EndGlobalSection
	GlobalSection(ExtensibilityGlobals) = postSolution
		SolutionGuid = {702CEC0C-E319-4AD3-BA1B-8BFAD4C48729}
	EndGlobalSection
EndGlobal
